PODS:
  - flutter_native_flavors (0.0.1):
    - FlutterMacOS
  - FlutterMacOS (1.0.0)

DEPENDENCIES:
  - flutter_native_flavors (from `Flutter/ephemeral/.symlinks/plugins/flutter_native_flavors/macos`)
  - FlutterMacOS (from `Flutter/ephemeral`)

EXTERNAL SOURCES:
  flutter_native_flavors:
    :path: Flutter/ephemeral/.symlinks/plugins/flutter_native_flavors/macos
  FlutterMacOS:
    :path: Flutter/ephemeral

SPEC CHECKSUMS:
  flutter_native_flavors: 8d6ce5a46722e2562915bfd8127c6f2aaaf0522c
  FlutterMacOS: 8f6f14fa908a6fb3fba0cd85dbd81ec4b251fb24

PODFILE CHECKSUM: 236401fc2c932af29a9fcf0e97baeeb2d750d367

COCOAPODS: 1.14.3
